# THIS IS AN AUTOGENERATED FILE. DO NOT EDIT THIS FILE DIRECTLY.
# yarn lockfile v1


wavesurfer.js@^7.8.6:
  version "7.9.5"
  resolved "https://registry.yarnpkg.com/wavesurfer.js/-/wavesurfer.js-7.9.5.tgz#e06707cc28e59283556df0ea16bb5503fe3a9243"
  integrity sha512-ioOG9chuAn0bF2NYYKkZtaxjcQK/hFskLg8ViLYbJHhWPk1N5wWtuqVhqeh2ZWT2SK3t0E8UkD7lLDLuZQQaSA==
